<?xml version="1.0" encoding="utf-8"?>
<Project ToolsVersion="4.0" xmlns="http://schemas.microsoft.com/developer/msbuild/2003">
  <ItemGroup>
    <Filter Include="Hyperion">
      <UniqueIdentifier>{73A2235D-5F6F-7E68-8888-6C1074B4B3F6}</UniqueIdentifier>
    </Filter>
  </ItemGroup>
  <ItemGroup>
    <ClInclude Include="src\Hyperion.h" />
    <ClInclude Include="src\Hyperion\Application.h">
      <Filter>Hyperion</Filter>
    </ClInclude>
    <ClInclude Include="src\Hyperion\Core.h">
      <Filter>Hyperion</Filter>
    </ClInclude>
    <ClInclude Include="src\Hyperion\EntryPoint.h">
      <Filter>Hyperion</Filter>
    </ClInclude>
    <ClInclude Include="src\Hyperion\Log.h">
      <Filter>Hyperion</Filter>
    </ClInclude>
  </ItemGroup>
  <ItemGroup>
    <ClCompile Include="src\Hyperion\Application.cpp">
      <Filter>Hyperion</Filter>
    </ClCompile>
    <ClCompile Include="src\Hyperion\Log.cpp">
      <Filter>Hyperion</Filter>
    </ClCompile>
  </ItemGroup>
</Project>